
Microsoft Visual Studio Solution File, Format Version 12.00
# Visual Studio Version 17
VisualStudioVersion = 17.5.33627.172
MinimumVisualStudioVersion = 10.0.40219.1
Project("{9A19103F-16F7-4668-BE54-9A1E7A4F7556}") = "HonorsPortfolioSite", "HonorsPortfolioSite.csproj", "{0FACC77B-DF11-49DE-B54D-F9AA3C8875D8}"
EndProject
Global
	GlobalSection(SolutionConfigurationPlatforms) = preSolution
		Debug|Any CPU = Debug|Any CPU
		Release|Any CPU = Release|Any CPU
	EndGlobalSection
	GlobalSection(ProjectConfigurationPlatforms) = postSolution
		{0FACC77B-DF11-49DE-B54D-F9AA3C8875D8}.Debug|Any CPU.ActiveCfg = Debug|Any CPU
		{0FACC77B-DF11-49DE-B54D-F9AA3C8875D8}.Debug|Any CPU.Build.0 = Debug|Any CPU
		{0FACC77B-DF11-49DE-B54D-F9AA3C8875D8}.Release|Any CPU.ActiveCfg = Release|Any CPU
		{0FACC77B-DF11-49DE-B54D-F9AA3C8875D8}.Release|Any CPU.Build.0 = Release|Any CPU
	EndGlobalSection
	GlobalSection(SolutionProperties) = preSolution
		HideSolutionNode = FALSE
	EndGlobalSection
	GlobalSection(ExtensibilityGlobals) = postSolution
		SolutionGuid = {7C4A99AC-D1A3-4917-9D14-49EF1CDA9786}
	EndGlobalSection
EndGlobal
